// !$*UTF8*$!
{
	archiveVersion = 1;
	classes = {
	};
	objectVersion = 77;
	objects = {

/* Begin PBXBuildFile section */
		E103E3A52F689DFC00593BEF /* SwiftTagger in Frameworks */ = {isa = PBXBuildFile; productRef = E103E3A42F689DFC00593BEF /* SwiftTagger */; };
		E103E3A82F689EEB00593BEF /* ShazamKit.framework in Frameworks */ = {isa = PBXBuildFile; fileRef = E103E3A72F689EEB00593BEF /* ShazamKit.framework */; };
/* End PBXBuildFile section */

/* Begin PBXContainerItemProxy section */
		E103E3872F68989400593BEF /* PBXContainerItemProxy */ = {
			isa = PBXContainerItemProxy;
			containerPortal = E103E3712F68989200593BEF /* Project object */;
			proxyType = 1;
			remoteGlobalIDString = E103E3782F68989200593BEF;
			remoteInfo = TrackTagger;
		};
		E103E3912F68989400593BEF /* PBXContainerItemProxy */ = {
			isa = PBXContainerItemProxy;
			containerPortal = E103E3712F68989200593BEF /* Project object */;
			proxyType = 1;
			remoteGlobalIDString = E103E3782F68989200593BEF;
			remoteInfo = TrackTagger;
		};
/* End PBXContainerItemProxy section */

/* Begin PBXFileReference section */
		E103E3792F68989200593BEF /* TrackTagger.app */ = {isa = PBXFileReference; explicitFileType = wrapper.application; includeInIndex = 0; path = TrackTagger.app; sourceTree = BUILT_PRODUCTS_DIR; };
		E103E3862F68989400593BEF /* TrackTaggerTests.xctest */ = {isa = PBXFileReference; explicitFileType = wrapper.cfbundle; includeInIndex = 0; path = TrackTaggerTests.xctest; sourceTree = BUILT_PRODUCTS_DIR; };
		E103E3902F68989400593BEF /* TrackTaggerUITests.xctest */ = {isa = PBXFileReference; explicitFileType = wrapper.cfbundle; includeInIndex = 0; path = TrackTaggerUITests.xctest; sourceTree = BUILT_PRODUCTS_DIR; };
		E103E3A72F689EEB00593BEF /* ShazamKit.framework */ = {isa = PBXFileReference; lastKnownFileType = wrapper.framework; name = ShazamKit.framework; path = System/Library/Frameworks/ShazamKit.framework; sourceTree = SDKROOT; };
/* End PBXFileReference section */

/* Begin PBXFileSystemSynchronizedRootGroup section */
		E103E37B2F68989200593BEF /* TrackTagger */ = {
			isa = PBXFileSystemSynchronizedRootGroup;
			path = TrackTagger;
			sourceTree = "<group>";
		};
		E103E3892F68989400593BEF /* TrackTaggerTests */ = {
			isa = PBXFileSystemSynchronizedRootGroup;
			path = TrackTaggerTests;
			sourceTree = "<group>";
		};
		E103E3932F68989400593BEF /* TrackTaggerUITests */ = {
			isa = PBXFileSystemSynchronizedRootGroup;
			path = TrackTaggerUITests;
			sourceTree = "<group>";
		};
/* End PBXFileSystemSynchronizedRootGroup section */

/* Begin PBXFrameworksBuildPhase section */
		E103E3762F68989200593BEF /* Frameworks */ = {
			isa = PBXFrameworksBuildPhase;
			buildActionMask = 2147483647;
			files = (
				E103E3A82F689EEB00593BEF /* ShazamKit.framework in Frameworks */,
				E103E3A52F689DFC00593BEF /* SwiftTagger in Frameworks */,
			);
			runOnlyForDeploymentPostprocessing = 0;
		};
		E103E3832F68989400593BEF /* Frameworks */ = {
			isa = PBXFrameworksBuildPhase;
			buildActionMask = 2147483647;
			files = (
			);
			runOnlyForDeploymentPostprocessing = 0;
		};
		E103E38D2F68989400593BEF /* Frameworks */ = {
			isa = PBXFrameworksBuildPhase;
			buildActionMask = 2147483647;
			files = (
			);
			runOnlyForDeploymentPostprocessing = 0;
		};
/* End PBXFrameworksBuildPhase section */

/* Begin PBXGroup section */
		E103E3702F68989200593BEF = {
			isa = PBXGroup;
			children = (
				E103E37B2F68989200593BEF /* TrackTagger */,
				E103E3892F68989400593BEF /* TrackTaggerTests */,
				E103E3932F68989400593BEF /* TrackTaggerUITests */,
				E103E3A62F689EEB00593BEF /* Frameworks */,
				E103E37A2F68989200593BEF /* Products */,
			);
			sourceTree = "<group>";
		};
		E103E37A2F68989200593BEF /* Products */ = {
			isa = PBXGroup;
			children = (
				E103E3792F68989200593BEF /* TrackTagger.app */,
				E103E3862F68989400593BEF /* TrackTaggerTests.xctest */,
				E103E3902F68989400593BEF /* TrackTaggerUITests.xctest */,
			);
			name = Products;
			sourceTree = "<group>";
		};
		E103E3A62F689EEB00593BEF /* Frameworks */ = {
			isa = PBXGroup;
			children = (
				E103E3A72F689EEB00593BEF /* ShazamKit.framework */,
			);
			name = Frameworks;
			sourceTree = "<group>";
		};
/* End PBXGroup section */

/* Begin PBXNativeTarget section */
		E103E3782F68989200593BEF /* TrackTagger */ = {
			isa = PBXNativeTarget;
			buildConfigurationList = E103E39A2F68989400593BEF /* Build configuration list for PBXNativeTarget "TrackTagger" */;
			buildPhases = (
				E103E3752F68989200593BEF /* Sources */,
				E103E3762F68989200593BEF /* Frameworks */,
				E103E3772F68989200593BEF /* Resources */,
			);
			buildRules = (
			);
			dependencies = (
			);
			fileSystemSynchronizedGroups = (
				E103E37B2F68989200593BEF /* TrackTagger */,
			);
			name = TrackTagger;
			packageProductDependencies = (
				E103E3A42F689DFC00593BEF /* SwiftTagger */,
			);
			productName = TrackTagger;
			productReference = E103E3792F68989200593BEF /* TrackTagger.app */;
			productType = "com.apple.product-type.application";
		};
		E103E3852F68989400593BEF /* TrackTaggerTests */ = {
			isa = PBXNativeTarget;
			buildConfigurationList = E103E39D2F68989400593BEF /* Build configuration list for PBXNativeTarget "TrackTaggerTests" */;
			buildPhases = (
				E103E3822F68989400593BEF /* Sources */,
				E103E3832F68989400593BEF /* Frameworks */,
				E103E3842F68989400593BEF /* Resources */,
			);
			buildRules = (
			);
			dependencies = (
				E103E3882F68989400593BEF /* PBXTargetDependency */,
			);
			fileSystemSynchronizedGroups = (
				E103E3892F68989400593BEF /* TrackTaggerTests */,
			);
			name = TrackTaggerTests;
			packageProductDependencies = (
			);
			productName = TrackTaggerTests;
			productReference = E103E3862F68989400593BEF /* TrackTaggerTests.xctest */;
			productType = "com.apple.product-type.bundle.unit-test";
		};
		E103E38F2F68989400593BEF /* TrackTaggerUITests */ = {
			isa = PBXNativeTarget;
			buildConfigurationList = E103E3A02F68989400593BEF /* Build configuration list for PBXNativeTarget "TrackTaggerUITests" */;
			buildPhases = (
				E103E38C2F68989400593BEF /* Sources */,
				E103E38D2F68989400593BEF /* Frameworks */,
				E103E38E2F68989400593BEF /* Resources */,
			);
			buildRules = (
			);
			dependencies = (
				E103E3922F68989400593BEF /* PBXTargetDependency */,
			);
			fileSystemSynchronizedGroups = (
				E103E3932F68989400593BEF /* TrackTaggerUITests */,
			);
			name = TrackTaggerUITests;
			packageProductDependencies = (
			);
			productName = TrackTaggerUITests;
			productReference = E103E3902F68989400593BEF /* TrackTaggerUITests.xctest */;
			productType = "com.apple.product-type.bundle.ui-testing";
		};
/* End PBXNativeTarget section */

/* Begin PBXProject section */
		E103E3712F68989200593BEF /* Project object */ = {
			isa = PBXProject;
			attributes = {
				BuildIndependentTargetsInParallel = 1;
				LastSwiftUpdateCheck = 2630;
				LastUpgradeCheck = 2630;
				TargetAttributes = {
					E103E3782F68989200593BEF = {
						CreatedOnToolsVersion = 26.3;
					};
					E103E3852F68989400593BEF = {
						CreatedOnToolsVersion = 26.3;
						TestTargetID = E103E3782F68989200593BEF;
					};
					E103E38F2F68989400593BEF = {
						CreatedOnToolsVersion = 26.3;
						TestTargetID = E103E3782F68989200593BEF;
					};
				};
			};
			buildConfigurationList = E103E3742F68989200593BEF /* Build configuration list for PBXProject "TrackTagger" */;
			developmentRegion = en;
			hasScannedForEncodings = 0;
			knownRegions = (
				en,
				Base,
			);
			mainGroup = E103E3702F68989200593BEF;
			minimizedProjectReferenceProxies = 1;
			packageReferences = (
				E103E3A32F689DFC00593BEF /* XCRemoteSwiftPackageReference "SwiftTagger" */,
			);
			preferredProjectObjectVersion = 77;
			productRefGroup = E103E37A2F68989200593BEF /* Products */;
			projectDirPath = "";
			projectRoot = "";
			targets = (
				E103E3782F68989200593BEF /* TrackTagger */,
				E103E3852F68989400593BEF /* TrackTaggerTests */,
				E103E38F2F68989400593BEF /* TrackTaggerUITests */,
			);
		};
/* End PBXProject section */

/* Begin PBXResourcesBuildPhase section */
		E103E3772F68989200593BEF /* Resources */ = {
			isa = PBXResourcesBuildPhase;
			buildActionMask = 2147483647;
			files = (
			);
			runOnlyForDeploymentPostprocessing = 0;
		};
		E103E3842F68989400593BEF /* Resources */ = {
			isa = PBXResourcesBuildPhase;
			buildActionMask = 2147483647;
			files = (
			);
			runOnlyForDeploymentPostprocessing = 0;
		};
		E103E38E2F68989400593BEF /* Resources */ = {
			isa = PBXResourcesBuildPhase;
			buildActionMask = 2147483647;
			files = (
			);
			runOnlyForDeploymentPostprocessing = 0;
		};
/* End PBXResourcesBuildPhase section */

/* Begin PBXSourcesBuildPhase section */
		E103E3752F68989200593BEF /* Sources */ = {
			isa = PBXSourcesBuildPhase;
			buildActionMask = 2147483647;
			files = (
			);
			runOnlyForDeploymentPostprocessing = 0;
		};
		E103E3822F68989400593BEF /* Sources */ = {
			isa = PBXSourcesBuildPhase;
			buildActionMask = 2147483647;
			files = (
			);
			runOnlyForDeploymentPostprocessing = 0;
		};
		E103E38C2F68989400593BEF /* Sources */ = {
			isa = PBXSourcesBuildPhase;
			buildActionMask = 2147483647;
			files = (
			);
			runOnlyForDeploymentPostprocessing = 0;
		};
/* End PBXSourcesBuildPhase section */

/* Begin PBXTargetDependency section */
		E103E3882F68989400593BEF /* PBXTargetDependency */ = {
			isa = PBXTargetDependency;
			target = E103E3782F68989200593BEF /* TrackTagger */;
			targetProxy = E103E3872F68989400593BEF /* PBXContainerItemProxy */;
		};
		E103E3922F68989400593BEF /* PBXTargetDependency */ = {
			isa = PBXTargetDependency;
			target = E103E3782F68989200593BEF /* TrackTagger */;
			targetProxy = E103E3912F68989400593BEF /* PBXContainerItemProxy */;
		};
/* End PBXTargetDependency section */

/* Begin XCBuildConfiguration section */
		E103E3982F68989400593BEF /* Debug */ = {
			isa = XCBuildConfiguration;
			buildSettings = {
				ALWAYS_SEARCH_USER_PATHS = NO;
				ASSETCATALOG_COMPILER_GENERATE_SWIFT_ASSET_SYMBOL_EXTENSIONS = YES;
				CLANG_ANALYZER_NONNULL = YES;
				CLANG_ANALYZER_NUMBER_OBJECT_CONVERSION = YES_AGGRESSIVE;
				CLANG_CXX_LANGUAGE_STANDARD = "gnu++20";
				CLANG_ENABLE_MODULES = YES;
				CLANG_ENABLE_OBJC_ARC = YES;
				CLANG_ENABLE_OBJC_WEAK = YES;
				CLANG_WARN_BLOCK_CAPTURE_AUTORELEASING = YES;
				CLANG_WARN_BOOL_CONVERSION = YES;
				CLANG_WARN_COMMA = YES;
				CLANG_WARN_CONSTANT_CONVERSION = YES;
				CLANG_WARN_DEPRECATED_OBJC_IMPLEMENTATIONS = YES;
				CLANG_WARN_DIRECT_OBJC_ISA_USAGE = YES_ERROR;
				CLANG_WARN_DOCUMENTATION_COMMENTS = YES;
				CLANG_WARN_EMPTY_BODY = YES;
				CLANG_WARN_ENUM_CONVERSION = YES;
				CLANG_WARN_INFINITE_RECURSION = YES;
				CLANG_WARN_INT_CONVERSION = YES;
				CLANG_WARN_NON_LITERAL_NULL_CONVERSION = YES;
				CLANG_WARN_OBJC_IMPLICIT_RETAIN_SELF = YES;
				CLANG_WARN_OBJC_LITERAL_CONVERSION = YES;
				CLANG_WARN_OBJC_ROOT_CLASS = YES_ERROR;
				CLANG_WARN_QUOTED_INCLUDE_IN_FRAMEWORK_HEADER = YES;
				CLANG_WARN_RANGE_LOOP_ANALYSIS = YES;
				CLANG_WARN_STRICT_PROTOTYPES = YES;
				CLANG_WARN_SUSPICIOUS_MOVE = YES;
				CLANG_WARN_UNGUARDED_AVAILABILITY = YES_AGGRESSIVE;
				CLANG_WARN_UNREACHABLE_CODE = YES;
				CLANG_WARN__DUPLICATE_METHOD_MATCH = YES;
				COPY_PHASE_STRIP = NO;
				DEBUG_INFORMATION_FORMAT = dwarf;
				DEVELOPMENT_TEAM = 9CBAPYY52Q;
				ENABLE_STRICT_OBJC_MSGSEND = YES;
				ENABLE_TESTABILITY = YES;
				ENABLE_USER_SCRIPT_SANDBOXING = YES;
				GCC_C_LANGUAGE_STANDARD = gnu17;
				GCC_DYNAMIC_NO_PIC = NO;
				GCC_NO_COMMON_BLOCKS = YES;
				GCC_OPTIMIZATION_LEVEL = 0;
				GCC_PREPROCESSOR_DEFINITIONS = (
					"DEBUG=1",
					"$(inherited)",
				);
				GCC_WARN_64_TO_32_BIT_CONVERSION = YES;
				GCC_WARN_ABOUT_RETURN_TYPE = YES_ERROR;
				GCC_WARN_UNDECLARED_SELECTOR = YES;
				GCC_WARN_UNINITIALIZED_AUTOS = YES_AGGRESSIVE;
				GCC_WARN_UNUSED_FUNCTION = YES;
				GCC_WARN_UNUSED_VARIABLE = YES;
				LOCALIZATION_PREFERS_STRING_CATALOGS = YES;
				MACOSX_DEPLOYMENT_TARGET = 26.2;
				MTL_ENABLE_DEBUG_INFO = INCLUDE_SOURCE;
				MTL_FAST_MATH = YES;
				ONLY_ACTIVE_ARCH = YES;
				SDKROOT = macosx;
				SWIFT_ACTIVE_COMPILATION_CONDITIONS = "DEBUG $(inherited)";
				SWIFT_OPTIMIZATION_LEVEL = "-Onone";
			};
			name = Debug;
		};
		E103E3992F68989400593BEF /* Release */ = {
			isa = XCBuildConfiguration;
			buildSettings = {
				ALWAYS_SEARCH_USER_PATHS = NO;
				ASSETCATALOG_COMPILER_GENERATE_SWIFT_ASSET_SYMBOL_EXTENSIONS = YES;
				CLANG_ANALYZER_NONNULL = YES;
				CLANG_ANALYZER_NUMBER_OBJECT_CONVERSION = YES_AGGRESSIVE;
				CLANG_CXX_LANGUAGE_STANDARD = "gnu++20";
				CLANG_ENABLE_MODULES = YES;
				CLANG_ENABLE_OBJC_ARC = YES;
				CLANG_ENABLE_OBJC_WEAK = YES;
				CLANG_WARN_BLOCK_CAPTURE_AUTORELEASING = YES;
				CLANG_WARN_BOOL_CONVERSION = YES;
				CLANG_WARN_COMMA = YES;
				CLANG_WARN_CONSTANT_CONVERSION = YES;
				CLANG_WARN_DEPRECATED_OBJC_IMPLEMENTATIONS = YES;
				CLANG_WARN_DIRECT_OBJC_ISA_USAGE = YES_ERROR;
				CLANG_WARN_DOCUMENTATION_COMMENTS = YES;
				CLANG_WARN_EMPTY_BODY = YES;
				CLANG_WARN_ENUM_CONVERSION = YES;
				CLANG_WARN_INFINITE_RECURSION = YES;
				CLANG_WARN_INT_CONVERSION = YES;
				CLANG_WARN_NON_LITERAL_NULL_CONVERSION = YES;
				CLANG_WARN_OBJC_IMPLICIT_RETAIN_SELF = YES;
				CLANG_WARN_OBJC_LITERAL_CONVERSION = YES;
				CLANG_WARN_OBJC_ROOT_CLASS = YES_ERROR;
				CLANG_WARN_QUOTED_INCLUDE_IN_FRAMEWORK_HEADER = YES;
				CLANG_WARN_RANGE_LOOP_ANALYSIS = YES;
				CLANG_WARN_STRICT_PROTOTYPES = YES;
				CLANG_WARN_SUSPICIOUS_MOVE = YES;
				CLANG_WARN_UNGUARDED_AVAILABILITY = YES_AGGRESSIVE;
				CLANG_WARN_UNREACHABLE_CODE = YES;
				CLANG_WARN__DUPLICATE_METHOD_MATCH = YES;
				COPY_PHASE_STRIP = NO;
				DEBUG_INFORMATION_FORMAT = "dwarf-with-dsym";
				DEVELOPMENT_TEAM = 9CBAPYY52Q;
				ENABLE_NS_ASSERTIONS = NO;
				ENABLE_STRICT_OBJC_MSGSEND = YES;
				ENABLE_USER_SCRIPT_SANDBOXING = YES;
				GCC_C_LANGUAGE_STANDARD = gnu17;
				GCC_NO_COMMON_BLOCKS = YES;
				GCC_WARN_64_TO_32_BIT_CONVERSION = YES;
				GCC_WARN_ABOUT_RETURN_TYPE = YES_ERROR;
				GCC_WARN_UNDECLARED_SELECTOR = YES;
				GCC_WARN_UNINITIALIZED_AUTOS = YES_AGGRESSIVE;
				GCC_WARN_UNUSED_FUNCTION = YES;
				GCC_WARN_UNUSED_VARIABLE = YES;
				LOCALIZATION_PREFERS_STRING_CATALOGS = YES;
				MACOSX_DEPLOYMENT_TARGET = 26.2;
				MTL_ENABLE_DEBUG_INFO = NO;
				MTL_FAST_MATH = YES;
				SDKROOT = macosx;
				SWIFT_COMPILATION_MODE = wholemodule;
			};
			name = Release;
		};
		E103E39B2F68989400593BEF /* Debug */ = {
			isa = XCBuildConfiguration;
			buildSettings = {
				ASSETCATALOG_COMPILER_APPICON_NAME = AppIcon;
				ASSETCATALOG_COMPILER_GLOBAL_ACCENT_COLOR_NAME = AccentColor;
				CODE_SIGN_STYLE = Automatic;
				COMBINE_HIDPI_IMAGES = YES;
				CURRENT_PROJECT_VERSION = 1;
				DEVELOPMENT_TEAM = 9CBAPYY52Q;
				ENABLE_APP_SANDBOX = YES;
				ENABLE_HARDENED_RUNTIME = YES;
				ENABLE_PREVIEWS = YES;
				ENABLE_USER_SELECTED_FILES = readonly;
				GENERATE_INFOPLIST_FILE = YES;
				INFOPLIST_KEY_NSHumanReadableCopyright = "";
				LD_RUNPATH_SEARCH_PATHS = (
					"$(inherited)",
					"@executable_path/../Frameworks",
				);
				MARKETING_VERSION = 1.0;
				PRODUCT_BUNDLE_IDENTIFIER = com.joshuavarnum.TrackTagger;
				PRODUCT_NAME = "$(TARGET_NAME)";
				REGISTER_APP_GROUPS = YES;
				STRING_CATALOG_GENERATE_SYMBOLS = YES;
				SWIFT_APPROACHABLE_CONCURRENCY = YES;
				SWIFT_DEFAULT_ACTOR_ISOLATION = MainActor;
				SWIFT_EMIT_LOC_STRINGS = YES;
				SWIFT_UPCOMING_FEATURE_MEMBER_IMPORT_VISIBILITY = YES;
				SWIFT_VERSION = 5.0;
			};
			name = Debug;
		};
		E103E39C2F68989400593BEF /* Release */ = {
			isa = XCBuildConfiguration;
			buildSettings = {
				ASSETCATALOG_COMPILER_APPICON_NAME = AppIcon;
				ASSETCATALOG_COMPILER_GLOBAL_ACCENT_COLOR_NAME = AccentColor;
				CODE_SIGN_STYLE = Automatic;
				COMBINE_HIDPI_IMAGES = YES;
				CURRENT_PROJECT_VERSION = 1;
				DEVELOPMENT_TEAM = 9CBAPYY52Q;
				ENABLE_APP_SANDBOX = YES;
				ENABLE_HARDENED_RUNTIME = YES;
				ENABLE_PREVIEWS = YES;
				ENABLE_USER_SELECTED_FILES = readonly;
				GENERATE_INFOPLIST_FILE = YES;
				INFOPLIST_KEY_NSHumanReadableCopyright = "";
				LD_RUNPATH_SEARCH_PATHS = (
					"$(inherited)",
					"@executable_path/../Frameworks",
				);
				MARKETING_VERSION = 1.0;
				PRODUCT_BUNDLE_IDENTIFIER = com.joshuavarnum.TrackTagger;
				PRODUCT_NAME = "$(TARGET_NAME)";
				REGISTER_APP_GROUPS = YES;
				STRING_CATALOG_GENERATE_SYMBOLS = YES;
				SWIFT_APPROACHABLE_CONCURRENCY = YES;
				SWIFT_DEFAULT_ACTOR_ISOLATION = MainActor;
				SWIFT_EMIT_LOC_STRINGS = YES;
				SWIFT_UPCOMING_FEATURE_MEMBER_IMPORT_VISIBILITY = YES;
				SWIFT_VERSION = 5.0;
			};
			name = Release;
		};
		E103E39E2F68989400593BEF /* Debug */ = {
			isa = XCBuildConfiguration;
			buildSettings = {
				BUNDLE_LOADER = "$(TEST_HOST)";
				CODE_SIGN_STYLE = Automatic;
				CURRENT_PROJECT_VERSION = 1;
				DEVELOPMENT_TEAM = 9CBAPYY52Q;
				GENERATE_INFOPLIST_FILE = YES;
				MACOSX_DEPLOYMENT_TARGET = 26.2;
				MARKETING_VERSION = 1.0;
				PRODUCT_BUNDLE_IDENTIFIER = com.joshuavarnum.TrackTaggerTests;
				PRODUCT_NAME = "$(TARGET_NAME)";
				STRING_CATALOG_GENERATE_SYMBOLS = NO;
				SWIFT_APPROACHABLE_CONCURRENCY = YES;
				SWIFT_EMIT_LOC_STRINGS = NO;
				SWIFT_UPCOMING_FEATURE_MEMBER_IMPORT_VISIBILITY = YES;
				SWIFT_VERSION = 5.0;
				TEST_HOST = "$(BUILT_PRODUCTS_DIR)/TrackTagger.app/$(BUNDLE_EXECUTABLE_FOLDER_PATH)/TrackTagger";
			};
			name = Debug;
		};
		E103E39F2F68989400593BEF /* Release */ = {
			isa = XCBuildConfiguration;
			buildSettings = {
				BUNDLE_LOADER = "$(TEST_HOST)";
				CODE_SIGN_STYLE = Automatic;
				CURRENT_PROJECT_VERSION = 1;
				DEVELOPMENT_TEAM = 9CBAPYY52Q;
				GENERATE_INFOPLIST_FILE = YES;
				MACOSX_DEPLOYMENT_TARGET = 26.2;
				MARKETING_VERSION = 1.0;
				PRODUCT_BUNDLE_IDENTIFIER = com.joshuavarnum.TrackTaggerTests;
				PRODUCT_NAME = "$(TARGET_NAME)";
				STRING_CATALOG_GENERATE_SYMBOLS = NO;
				SWIFT_APPROACHABLE_CONCURRENCY = YES;
				SWIFT_EMIT_LOC_STRINGS = NO;
				SWIFT_UPCOMING_FEATURE_MEMBER_IMPORT_VISIBILITY = YES;
				SWIFT_VERSION = 5.0;
				TEST_HOST = "$(BUILT_PRODUCTS_DIR)/TrackTagger.app/$(BUNDLE_EXECUTABLE_FOLDER_PATH)/TrackTagger";
			};
			name = Release;
		};
		E103E3A12F68989400593BEF /* Debug */ = {
			isa = XCBuildConfiguration;
			buildSettings = {
				CODE_SIGN_STYLE = Automatic;
				CURRENT_PROJECT_VERSION = 1;
				DEVELOPMENT_TEAM = 9CBAPYY52Q;
				GENERATE_INFOPLIST_FILE = YES;
				MARKETING_VERSION = 1.0;
				PRODUCT_BUNDLE_IDENTIFIER = com.joshuavarnum.TrackTaggerUITests;
				PRODUCT_NAME = "$(TARGET_NAME)";
				STRING_CATALOG_GENERATE_SYMBOLS = NO;
				SWIFT_APPROACHABLE_CONCURRENCY = YES;
				SWIFT_EMIT_LOC_STRINGS = NO;
				SWIFT_UPCOMING_FEATURE_MEMBER_IMPORT_VISIBILITY = YES;
				SWIFT_VERSION = 5.0;
				TEST_TARGET_NAME = TrackTagger;
			};
			name = Debug;
		};
		E103E3A22F68989400593BEF /* Release */ = {
			isa = XCBuildConfiguration;
			buildSettings = {
				CODE_SIGN_STYLE = Automatic;
				CURRENT_PROJECT_VERSION = 1;
				DEVELOPMENT_TEAM = 9CBAPYY52Q;
				GENERATE_INFOPLIST_FILE = YES;
				MARKETING_VERSION = 1.0;
				PRODUCT_BUNDLE_IDENTIFIER = com.joshuavarnum.TrackTaggerUITests;
				PRODUCT_NAME = "$(TARGET_NAME)";
				STRING_CATALOG_GENERATE_SYMBOLS = NO;
				SWIFT_APPROACHABLE_CONCURRENCY = YES;
				SWIFT_EMIT_LOC_STRINGS = NO;
				SWIFT_UPCOMING_FEATURE_MEMBER_IMPORT_VISIBILITY = YES;
				SWIFT_VERSION = 5.0;
				TEST_TARGET_NAME = TrackTagger;
			};
			name = Release;
		};
/* End XCBuildConfiguration section */

/* Begin XCConfigurationList section */
		E103E3742F68989200593BEF /* Build configuration list for PBXProject "TrackTagger" */ = {
			isa = XCConfigurationList;
			buildConfigurations = (
				E103E3982F68989400593BEF /* Debug */,
				E103E3992F68989400593BEF /* Release */,
			);
			defaultConfigurationIsVisible = 0;
			defaultConfigurationName = Release;
		};
		E103E39A2F68989400593BEF /* Build configuration list for PBXNativeTarget "TrackTagger" */ = {
			isa = XCConfigurationList;
			buildConfigurations = (
				E103E39B2F68989400593BEF /* Debug */,
				E103E39C2F68989400593BEF /* Release */,
			);
			defaultConfigurationIsVisible = 0;
			defaultConfigurationName = Release;
		};
		E103E39D2F68989400593BEF /* Build configuration list for PBXNativeTarget "TrackTaggerTests" */ = {
			isa = XCConfigurationList;
			buildConfigurations = (
				E103E39E2F68989400593BEF /* Debug */,
				E103E39F2F68989400593BEF /* Release */,
			);
			defaultConfigurationIsVisible = 0;
			defaultConfigurationName = Release;
		};
		E103E3A02F68989400593BEF /* Build configuration list for PBXNativeTarget "TrackTaggerUITests" */ = {
			isa = XCConfigurationList;
			buildConfigurations = (
				E103E3A12F68989400593BEF /* Debug */,
				E103E3A22F68989400593BEF /* Release */,
			);
			defaultConfigurationIsVisible = 0;
			defaultConfigurationName = Release;
		};
/* End XCConfigurationList section */

/* Begin XCRemoteSwiftPackageReference section */
		E103E3A32F689DFC00593BEF /* XCRemoteSwiftPackageReference "SwiftTagger" */ = {
			isa = XCRemoteSwiftPackageReference;
			repositoryURL = "https://github.com/NCrusher74/SwiftTagger.git";
			requirement = {
				kind = upToNextMajorVersion;
				minimumVersion = 1.7.0;
			};
		};
/* End XCRemoteSwiftPackageReference section */

/* Begin XCSwiftPackageProductDependency section */
		E103E3A42F689DFC00593BEF /* SwiftTagger */ = {
			isa = XCSwiftPackageProductDependency;
			package = E103E3A32F689DFC00593BEF /* XCRemoteSwiftPackageReference "SwiftTagger" */;
			productName = SwiftTagger;
		};
/* End XCSwiftPackageProductDependency section */
	};
	rootObject = E103E3712F68989200593BEF /* Project object */;
}
